// !$*UTF8*$!
{
	archiveVersion = 1;
	classes = {
	};
	objectVersion = 77;
	objects = {

/* Begin PBXBuildFile section */
		AA611EB4301109FC00F15876 /* SecureCrypto in Frameworks */ = {isa = PBXBuildFile; productRef = AA611E7730094D0800F15876 /* SecureCrypto */; };
		AA611EB5301109FC00F15876 /* VaultSession in Frameworks */ = {isa = PBXBuildFile; productRef = AA611E7930094D0900F15876 /* VaultSession */; };
		AA611EB6301109FC00F15876 /* NotesFlow in Frameworks */ = {isa = PBXBuildFile; productRef = AA611E7B30094D0A00F15876 /* NotesFlow */; };
		AA611EB7301109FC00F15876 /* AuthRepository in Frameworks */ = {isa = PBXBuildFile; productRef = AA611E7D30094D0B00F15876 /* AuthRepository */; };
		AA611EB8301109FC00F15876 /* VaultRepository in Frameworks */ = {isa = PBXBuildFile; productRef = AA611E7F30094D0C00F15876 /* VaultRepository */; };
		AA611EB9301109FC00F15876 /* AuthFlowUI in Frameworks */ = {isa = PBXBuildFile; productRef = AA611E8130094D0D00F15876 /* AuthFlowUI */; };
		AA611EBA301109FC00F15876 /* Navigation in Frameworks */ = {isa = PBXBuildFile; productRef = AA611E8230094D0E00F15876 /* Navigation */; };
		AA611EBB301109FC00F15876 /* NavigationProtocol in Frameworks */ = {isa = PBXBuildFile; productRef = AA611E8330094D0F00F15876 /* NavigationProtocol */; };
		AA611EBC301109FC00F15876 /* AuthFlowRoutes in Frameworks */ = {isa = PBXBuildFile; productRef = AA611E8530094D1100F15876 /* AuthFlowRoutes */; };
		AA611EBD301109FC00F15876 /* NotesFlowRoutes in Frameworks */ = {isa = PBXBuildFile; productRef = AA611E8630094D1200F15876 /* NotesFlowRoutes */; };
		AA6121323013996E00F15876 /* SecureCrypto in Frameworks */ = {isa = PBXBuildFile; productRef = AA611E7730094D0800F15876 /* SecureCrypto */; };
		AA6121333013996E00F15876 /* VaultSession in Frameworks */ = {isa = PBXBuildFile; productRef = AA611E7930094D0900F15876 /* VaultSession */; };
		AA6121343013996E00F15876 /* NotesFlow in Frameworks */ = {isa = PBXBuildFile; productRef = AA611E7B30094D0A00F15876 /* NotesFlow */; };
		AA6121353013996E00F15876 /* AuthRepository in Frameworks */ = {isa = PBXBuildFile; productRef = AA611E7D30094D0B00F15876 /* AuthRepository */; };
		AA6121363013996E00F15876 /* VaultRepository in Frameworks */ = {isa = PBXBuildFile; productRef = AA611E7F30094D0C00F15876 /* VaultRepository */; };
		AA6121373013996E00F15876 /* AuthFlowUI in Frameworks */ = {isa = PBXBuildFile; productRef = AA611E8130094D0D00F15876 /* AuthFlowUI */; };
		AA6121383013996E00F15876 /* Navigation in Frameworks */ = {isa = PBXBuildFile; productRef = AA611E8230094D0E00F15876 /* Navigation */; };
		AA6121393013996E00F15876 /* NavigationProtocol in Frameworks */ = {isa = PBXBuildFile; productRef = AA611E8330094D0F00F15876 /* NavigationProtocol */; };
		AA61213A3013996E00F15876 /* AuthFlowRoutes in Frameworks */ = {isa = PBXBuildFile; productRef = AA611E8530094D1100F15876 /* AuthFlowRoutes */; };
		AA61213B3013996E00F15876 /* NotesFlowRoutes in Frameworks */ = {isa = PBXBuildFile; productRef = AA611E8630094D1200F15876 /* NotesFlowRoutes */; };
		AA61213C3013996E00F15876 /* AuthRepositoryProtocol in Frameworks */ = {isa = PBXBuildFile; productRef = AA611EC03014AAAA00F15876 /* AuthRepositoryProtocol */; };
		AA61213D3013996E00F15876 /* VaultRepositoryProtocol in Frameworks */ = {isa = PBXBuildFile; productRef = AA611EC13014AAAA00F15876 /* VaultRepositoryProtocol */; };
		AA61213E3013996E00F15876 /* AuthRepositoryProtocol in Frameworks */ = {isa = PBXBuildFile; productRef = AA611EC03014AAAA00F15876 /* AuthRepositoryProtocol */; };
		AA61213F3013996E00F15876 /* VaultRepositoryProtocol in Frameworks */ = {isa = PBXBuildFile; productRef = AA611EC13014AAAA00F15876 /* VaultRepositoryProtocol */; };
		AA6121403013996E00F15876 /* VaultSessionProtocol in Frameworks */ = {isa = PBXBuildFile; productRef = AA611EC23014AAAA00F15876 /* VaultSessionProtocol */; };
		AA61220730150000F15876 /* ShareNote in Frameworks */ = {isa = PBXBuildFile; productRef = AA61220130150000F15876 /* ShareNote */; };
		AA61220830150000F15876 /* ShareNoteRoutes in Frameworks */ = {isa = PBXBuildFile; productRef = AA61220230150000F15876 /* ShareNoteRoutes */; };
		AA61220930150000F15876 /* ShareNote in Frameworks */ = {isa = PBXBuildFile; productRef = AA61220130150000F15876 /* ShareNote */; };
		AA61220A30150000F15876 /* ShareNoteRoutes in Frameworks */ = {isa = PBXBuildFile; productRef = AA61220230150000F15876 /* ShareNoteRoutes */; };
		AA61221330160000F15876 /* NoteRepository in Frameworks */ = {isa = PBXBuildFile; productRef = AA61221130160000F15876 /* NoteRepository */; };
		AA61221430160000F15876 /* NoteRepositoryProtocol in Frameworks */ = {isa = PBXBuildFile; productRef = AA61221230160000F15876 /* NoteRepositoryProtocol */; };
		AA61221530160000F15876 /* NoteRepository in Frameworks */ = {isa = PBXBuildFile; productRef = AA61221130160000F15876 /* NoteRepository */; };
		AA61221630160000F15876 /* NoteRepositoryProtocol in Frameworks */ = {isa = PBXBuildFile; productRef = AA61221230160000F15876 /* NoteRepositoryProtocol */; };
		AA61221730170000F15876 /* CredentialStore in Frameworks */ = {isa = PBXBuildFile; productRef = AA61221730170001F15876 /* CredentialStore */; };
		AA61221830170002F15876 /* CredentialStore in Frameworks */ = {isa = PBXBuildFile; productRef = AA61221730170001F15876 /* CredentialStore */; };
		AA61221930170003F15876 /* VaultSessionProtocol in Frameworks */ = {isa = PBXBuildFile; productRef = AA611EC23014AAAA00F15876 /* VaultSessionProtocol */; };
		AA61221B30170005F15876 /* CredentialStoreProtocol in Frameworks */ = {isa = PBXBuildFile; productRef = AA61221A30170004F15876 /* CredentialStoreProtocol */; };
		AA61221C30170006F15876 /* CredentialStoreProtocol in Frameworks */ = {isa = PBXBuildFile; productRef = AA61221A30170004F15876 /* CredentialStoreProtocol */; };
/* End PBXBuildFile section */

/* Begin PBXContainerItemProxy section */
		AA611EBF301109FC00F15876 /* PBXContainerItemProxy */ = {
			isa = PBXContainerItemProxy;
			containerPortal = AA611E6030094D0300F15876 /* Project object */;
			proxyType = 1;
			remoteGlobalIDString = AA611E6730094D0300F15876;
			remoteInfo = superSecureNotes;
		};
/* End PBXContainerItemProxy section */

/* Begin PBXFileReference section */
		AA611E6830094D0300F15876 /* superSecureNotes.app */ = {isa = PBXFileReference; explicitFileType = wrapper.application; includeInIndex = 0; path = superSecureNotes.app; sourceTree = BUILT_PRODUCTS_DIR; };
		AA611E8830094D1300F15876 /* superSecureNotesTests.xctest */ = {isa = PBXFileReference; explicitFileType = wrapper.cfbundle; includeInIndex = 0; path = superSecureNotesTests.xctest; sourceTree = BUILT_PRODUCTS_DIR; };
/* End PBXFileReference section */

/* Begin PBXFileSystemSynchronizedBuildFileExceptionSet section */
		AA67A47B301B2FFB00DC213C /* Exceptions for "superSecureNotesTests" folder in "superSecureNotesTests" target */ = {
			isa = PBXFileSystemSynchronizedBuildFileExceptionSet;
			membershipExceptions = (
				superSecureNotes.xctestplan,
			);
			target = AA611E8730094D1300F15876 /* superSecureNotesTests */;
		};
/* End PBXFileSystemSynchronizedBuildFileExceptionSet section */

/* Begin PBXFileSystemSynchronizedRootGroup section */
		AA611E6A30094D0300F15876 /* superSecureNotes */ = {
			isa = PBXFileSystemSynchronizedRootGroup;
			path = superSecureNotes;
			sourceTree = "<group>";
		};
		AA611E6C30094D0300F15876 /* superSecureNotesTests */ = {
			isa = PBXFileSystemSynchronizedRootGroup;
			exceptions = (
				AA67A47B301B2FFB00DC213C /* Exceptions for "superSecureNotesTests" folder in "superSecureNotesTests" target */,
			);
			path = superSecureNotesTests;
			sourceTree = "<group>";
		};
/* End PBXFileSystemSynchronizedRootGroup section */

/* Begin PBXFrameworksBuildPhase section */
		AA611E6530094D0300F15876 /* Frameworks */ = {
			isa = PBXFrameworksBuildPhase;
			buildActionMask = 2147483647;
			files = (
				AA611EB9301109FC00F15876 /* AuthFlowUI in Frameworks */,
				AA611EB8301109FC00F15876 /* VaultRepository in Frameworks */,
				AA611EB7301109FC00F15876 /* AuthRepository in Frameworks */,
				AA611EB6301109FC00F15876 /* NotesFlow in Frameworks */,
				AA611EB5301109FC00F15876 /* VaultSession in Frameworks */,
				AA611EB4301109FC00F15876 /* SecureCrypto in Frameworks */,
				AA611EBB301109FC00F15876 /* NavigationProtocol in Frameworks */,
				AA611EBA301109FC00F15876 /* Navigation in Frameworks */,
				AA611EBC301109FC00F15876 /* AuthFlowRoutes in Frameworks */,
				AA611EBD301109FC00F15876 /* NotesFlowRoutes in Frameworks */,
				AA61213E3013996E00F15876 /* AuthRepositoryProtocol in Frameworks */,
				AA61213F3013996E00F15876 /* VaultRepositoryProtocol in Frameworks */,
				AA61220730150000F15876 /* ShareNote in Frameworks */,
				AA61220830150000F15876 /* ShareNoteRoutes in Frameworks */,
				AA61221330160000F15876 /* NoteRepository in Frameworks */,
				AA61221430160000F15876 /* NoteRepositoryProtocol in Frameworks */,
				AA61221730170000F15876 /* CredentialStore in Frameworks */,
				AA61221930170003F15876 /* VaultSessionProtocol in Frameworks */,
				AA61221B30170005F15876 /* CredentialStoreProtocol in Frameworks */,
			);
			runOnlyForDeploymentPostprocessing = 0;
		};
		AA611E8A30094D1300F15876 /* Frameworks */ = {
			isa = PBXFrameworksBuildPhase;
			buildActionMask = 2147483647;
			files = (
				AA61213B3013996E00F15876 /* NotesFlowRoutes in Frameworks */,
				AA6121353013996E00F15876 /* AuthRepository in Frameworks */,
				AA6121363013996E00F15876 /* VaultRepository in Frameworks */,
				AA61213A3013996E00F15876 /* AuthFlowRoutes in Frameworks */,
				AA6121333013996E00F15876 /* VaultSession in Frameworks */,
				AA6121343013996E00F15876 /* NotesFlow in Frameworks */,
				AA6121393013996E00F15876 /* NavigationProtocol in Frameworks */,
				AA6121383013996E00F15876 /* Navigation in Frameworks */,
				AA6121373013996E00F15876 /* AuthFlowUI in Frameworks */,
				AA6121323013996E00F15876 /* SecureCrypto in Frameworks */,
				AA61213C3013996E00F15876 /* AuthRepositoryProtocol in Frameworks */,
				AA61213D3013996E00F15876 /* VaultRepositoryProtocol in Frameworks */,
				AA6121403013996E00F15876 /* VaultSessionProtocol in Frameworks */,
				AA61220930150000F15876 /* ShareNote in Frameworks */,
				AA61220A30150000F15876 /* ShareNoteRoutes in Frameworks */,
				AA61221530160000F15876 /* NoteRepository in Frameworks */,
				AA61221630160000F15876 /* NoteRepositoryProtocol in Frameworks */,
				AA61221830170002F15876 /* CredentialStore in Frameworks */,
				AA61221C30170006F15876 /* CredentialStoreProtocol in Frameworks */,
			);
			runOnlyForDeploymentPostprocessing = 0;
		};
/* End PBXFrameworksBuildPhase section */

/* Begin PBXGroup section */
		AA611E5F30094D0300F15876 = {
			isa = PBXGroup;
			children = (
				AA611E6A30094D0300F15876 /* superSecureNotes */,
				AA611E6C30094D0300F15876 /* superSecureNotesTests */,
				AA611E6930094D0300F15876 /* Products */,
			);
			sourceTree = "<group>";
		};
		AA611E6930094D0300F15876 /* Products */ = {
			isa = PBXGroup;
			children = (
				AA611E6830094D0300F15876 /* superSecureNotes.app */,
				AA611E8830094D1300F15876 /* superSecureNotesTests.xctest */,
			);
			name = Products;
			sourceTree = "<group>";
		};
/* End PBXGroup section */

/* Begin PBXNativeTarget section */
		AA611E6730094D0300F15876 /* superSecureNotes */ = {
			isa = PBXNativeTarget;
			buildConfigurationList = AA611E7330094D0800F15876 /* Build configuration list for PBXNativeTarget "superSecureNotes" */;
			buildPhases = (
				AA611E6430094D0300F15876 /* Sources */,
				AA611E6530094D0300F15876 /* Frameworks */,
				AA611E6630094D0300F15876 /* Resources */,
			);
			buildRules = (
			);
			dependencies = (
			);
			fileSystemSynchronizedGroups = (
				AA611E6A30094D0300F15876 /* superSecureNotes */,
			);
			name = superSecureNotes;
			packageProductDependencies = (
				AA611E7730094D0800F15876 /* SecureCrypto */,
				AA611E7930094D0900F15876 /* VaultSession */,
				AA611EC23014AAAA00F15876 /* VaultSessionProtocol */,
				AA611E7B30094D0A00F15876 /* NotesFlow */,
				AA611E7D30094D0B00F15876 /* AuthRepository */,
				AA611E7F30094D0C00F15876 /* VaultRepository */,
				AA611E8130094D0D00F15876 /* AuthFlowUI */,
				AA611E8230094D0E00F15876 /* Navigation */,
				AA611E8330094D0F00F15876 /* NavigationProtocol */,
				AA611E8530094D1100F15876 /* AuthFlowRoutes */,
				AA611E8630094D1200F15876 /* NotesFlowRoutes */,
				AA611EC03014AAAA00F15876 /* AuthRepositoryProtocol */,
				AA611EC13014AAAA00F15876 /* VaultRepositoryProtocol */,
				AA61220130150000F15876 /* ShareNote */,
				AA61220230150000F15876 /* ShareNoteRoutes */,
				AA61221130160000F15876 /* NoteRepository */,
				AA61221230160000F15876 /* NoteRepositoryProtocol */,
				AA61221730170001F15876 /* CredentialStore */,
				AA61221A30170004F15876 /* CredentialStoreProtocol */,
			);
			productName = superSecureNotes;
			productReference = AA611E6830094D0300F15876 /* superSecureNotes.app */;
			productType = "com.apple.product-type.application";
		};
		AA611E8730094D1300F15876 /* superSecureNotesTests */ = {
			isa = PBXNativeTarget;
			buildConfigurationList = AA611E8E30094D1300F15876 /* Build configuration list for PBXNativeTarget "superSecureNotesTests" */;
			buildPhases = (
				AA611E8930094D1300F15876 /* Sources */,
				AA611E8A30094D1300F15876 /* Frameworks */,
				AA611E8B30094D1300F15876 /* Resources */,
			);
			buildRules = (
			);
			dependencies = (
				AA611EBE301109FC00F15876 /* PBXTargetDependency */,
			);
			fileSystemSynchronizedGroups = (
				AA611E6C30094D0300F15876 /* superSecureNotesTests */,
			);
			name = superSecureNotesTests;
			packageProductDependencies = (
				AA611E7730094D0800F15876 /* SecureCrypto */,
				AA611E7930094D0900F15876 /* VaultSession */,
				AA611E7B30094D0A00F15876 /* NotesFlow */,
				AA611E7D30094D0B00F15876 /* AuthRepository */,
				AA611E7F30094D0C00F15876 /* VaultRepository */,
				AA611E8130094D0D00F15876 /* AuthFlowUI */,
				AA611E8230094D0E00F15876 /* Navigation */,
				AA611E8330094D0F00F15876 /* NavigationProtocol */,
				AA611E8530094D1100F15876 /* AuthFlowRoutes */,
				AA611E8630094D1200F15876 /* NotesFlowRoutes */,
				AA611EC03014AAAA00F15876 /* AuthRepositoryProtocol */,
				AA611EC13014AAAA00F15876 /* VaultRepositoryProtocol */,
				AA611EC23014AAAA00F15876 /* VaultSessionProtocol */,
				AA61220130150000F15876 /* ShareNote */,
				AA61220230150000F15876 /* ShareNoteRoutes */,
				AA61221130160000F15876 /* NoteRepository */,
				AA61221230160000F15876 /* NoteRepositoryProtocol */,
				AA61221730170001F15876 /* CredentialStore */,
				AA61221A30170004F15876 /* CredentialStoreProtocol */,
			);
			productName = superSecureNotesTests;
			productReference = AA611E8830094D1300F15876 /* superSecureNotesTests.xctest */;
			productType = "com.apple.product-type.bundle.unit-test";
		};
/* End PBXNativeTarget section */

/* Begin PBXProject section */
		AA611E6030094D0300F15876 /* Project object */ = {
			isa = PBXProject;
			attributes = {
				BuildIndependentTargetsInParallel = 1;
				LastSwiftUpdateCheck = 2630;
				LastUpgradeCheck = 2630;
				TargetAttributes = {
					AA611E6730094D0300F15876 = {
						CreatedOnToolsVersion = 26.3;
					};
					AA611E8730094D1300F15876 = {
						CreatedOnToolsVersion = 26.3;
						TestTargetID = AA611E6730094D0300F15876;
					};
				};
			};
			buildConfigurationList = AA611E6330094D0300F15876 /* Build configuration list for PBXProject "superSecureNotes" */;
			developmentRegion = en;
			hasScannedForEncodings = 0;
			knownRegions = (
				en,
				Base,
			);
			mainGroup = AA611E5F30094D0300F15876;
			minimizedProjectReferenceProxies = 1;
			packageReferences = (
				AA611E7630094D0800F15876 /* XCLocalSwiftPackageReference "Packages/SecureCrypto" */,
				AA611E7830094D0900F15876 /* XCLocalSwiftPackageReference "Packages/VaultSession" */,
				AA611E7A30094D0A00F15876 /* XCLocalSwiftPackageReference "Packages/NotesFlow" */,
				AA611E7C30094D0B00F15876 /* XCLocalSwiftPackageReference "Packages/AuthFlow" */,
				AA611E7E30094D0C00F15876 /* XCLocalSwiftPackageReference "Packages/VaultRepository" */,
				AA611E8430094D1000F15876 /* XCLocalSwiftPackageReference "Packages/Navigation" */,
				AA61220030150000F15876 /* XCLocalSwiftPackageReference "Packages/ShareNote" */,
				AA61221030160000F15876 /* XCLocalSwiftPackageReference "Packages/NoteRepository" */,
			);
			preferredProjectObjectVersion = 77;
			productRefGroup = AA611E6930094D0300F15876 /* Products */;
			projectDirPath = "";
			projectRoot = "";
			targets = (
				AA611E6730094D0300F15876 /* superSecureNotes */,
				AA611E8730094D1300F15876 /* superSecureNotesTests */,
			);
		};
/* End PBXProject section */

/* Begin PBXResourcesBuildPhase section */
		AA611E6630094D0300F15876 /* Resources */ = {
			isa = PBXResourcesBuildPhase;
			buildActionMask = 2147483647;
			files = (
			);
			runOnlyForDeploymentPostprocessing = 0;
		};
		AA611E8B30094D1300F15876 /* Resources */ = {
			isa = PBXResourcesBuildPhase;
			buildActionMask = 2147483647;
			files = (
			);
			runOnlyForDeploymentPostprocessing = 0;
		};
/* End PBXResourcesBuildPhase section */

/* Begin PBXSourcesBuildPhase section */
		AA611E6430094D0300F15876 /* Sources */ = {
			isa = PBXSourcesBuildPhase;
			buildActionMask = 2147483647;
			files = (
			);
			runOnlyForDeploymentPostprocessing = 0;
		};
		AA611E8930094D1300F15876 /* Sources */ = {
			isa = PBXSourcesBuildPhase;
			buildActionMask = 2147483647;
			files = (
			);
			runOnlyForDeploymentPostprocessing = 0;
		};
/* End PBXSourcesBuildPhase section */

/* Begin PBXTargetDependency section */
		AA611EBE301109FC00F15876 /* PBXTargetDependency */ = {
			isa = PBXTargetDependency;
			target = AA611E6730094D0300F15876 /* superSecureNotes */;
			targetProxy = AA611EBF301109FC00F15876 /* PBXContainerItemProxy */;
		};
/* End PBXTargetDependency section */

/* Begin XCBuildConfiguration section */
		AA611E7130094D0800F15876 /* Debug */ = {
			isa = XCBuildConfiguration;
			buildSettings = {
				ALWAYS_SEARCH_USER_PATHS = NO;
				ASSETCATALOG_COMPILER_GENERATE_SWIFT_ASSET_SYMBOL_EXTENSIONS = YES;
				CLANG_ANALYZER_NONNULL = YES;
				CLANG_ANALYZER_NUMBER_OBJECT_CONVERSION = YES_AGGRESSIVE;
				CLANG_CXX_LANGUAGE_STANDARD = "gnu++20";
				CLANG_ENABLE_MODULES = YES;
				CLANG_ENABLE_OBJC_ARC = YES;
				CLANG_ENABLE_OBJC_WEAK = YES;
				CLANG_WARN_BLOCK_CAPTURE_AUTORELEASING = YES;
				CLANG_WARN_BOOL_CONVERSION = YES;
				CLANG_WARN_COMMA = YES;
				CLANG_WARN_CONSTANT_CONVERSION = YES;
				CLANG_WARN_DEPRECATED_OBJC_IMPLEMENTATIONS = YES;
				CLANG_WARN_DIRECT_OBJC_ISA_USAGE = YES_ERROR;
				CLANG_WARN_DOCUMENTATION_COMMENTS = YES;
				CLANG_WARN_EMPTY_BODY = YES;
				CLANG_WARN_ENUM_CONVERSION = YES;
				CLANG_WARN_INFINITE_RECURSION = YES;
				CLANG_WARN_INT_CONVERSION = YES;
				CLANG_WARN_NON_LITERAL_NULL_CONVERSION = YES;
				CLANG_WARN_OBJC_IMPLICIT_RETAIN_SELF = YES;
				CLANG_WARN_OBJC_LITERAL_CONVERSION = YES;
				CLANG_WARN_OBJC_ROOT_CLASS = YES_ERROR;
				CLANG_WARN_QUOTED_INCLUDE_IN_FRAMEWORK_HEADER = YES;
				CLANG_WARN_RANGE_LOOP_ANALYSIS = YES;
				CLANG_WARN_STRICT_PROTOTYPES = YES;
				CLANG_WARN_SUSPICIOUS_MOVE = YES;
				CLANG_WARN_UNGUARDED_AVAILABILITY = YES_AGGRESSIVE;
				CLANG_WARN_UNREACHABLE_CODE = YES;
				CLANG_WARN__DUPLICATE_METHOD_MATCH = YES;
				COPY_PHASE_STRIP = NO;
				DEBUG_INFORMATION_FORMAT = dwarf;
				DEVELOPMENT_TEAM = H7A8S5HDP4;
				ENABLE_STRICT_OBJC_MSGSEND = YES;
				ENABLE_TESTABILITY = YES;
				ENABLE_USER_SCRIPT_SANDBOXING = YES;
				GCC_C_LANGUAGE_STANDARD = gnu17;
				GCC_DYNAMIC_NO_PIC = NO;
				GCC_NO_COMMON_BLOCKS = YES;
				GCC_OPTIMIZATION_LEVEL = 0;
				GCC_PREPROCESSOR_DEFINITIONS = (
					"DEBUG=1",
					"$(inherited)",
				);
				GCC_WARN_64_TO_32_BIT_CONVERSION = YES;
				GCC_WARN_ABOUT_RETURN_TYPE = YES_ERROR;
				GCC_WARN_UNDECLARED_SELECTOR = YES;
				GCC_WARN_UNINITIALIZED_AUTOS = YES_AGGRESSIVE;
				GCC_WARN_UNUSED_FUNCTION = YES;
				GCC_WARN_UNUSED_VARIABLE = YES;
				IPHONEOS_DEPLOYMENT_TARGET = 26.2;
				LOCALIZATION_PREFERS_STRING_CATALOGS = YES;
				MTL_ENABLE_DEBUG_INFO = INCLUDE_SOURCE;
				MTL_FAST_MATH = YES;
				ONLY_ACTIVE_ARCH = YES;
				SDKROOT = iphoneos;
				SWIFT_ACTIVE_COMPILATION_CONDITIONS = "DEBUG $(inherited)";
				SWIFT_OPTIMIZATION_LEVEL = "-Onone";
			};
			name = Debug;
		};
		AA611E7230094D0800F15876 /* Release */ = {
			isa = XCBuildConfiguration;
			buildSettings = {
				ALWAYS_SEARCH_USER_PATHS = NO;
				ASSETCATALOG_COMPILER_GENERATE_SWIFT_ASSET_SYMBOL_EXTENSIONS = YES;
				CLANG_ANALYZER_NONNULL = YES;
				CLANG_ANALYZER_NUMBER_OBJECT_CONVERSION = YES_AGGRESSIVE;
				CLANG_CXX_LANGUAGE_STANDARD = "gnu++20";
				CLANG_ENABLE_MODULES = YES;
				CLANG_ENABLE_OBJC_ARC = YES;
				CLANG_ENABLE_OBJC_WEAK = YES;
				CLANG_WARN_BLOCK_CAPTURE_AUTORELEASING = YES;
				CLANG_WARN_BOOL_CONVERSION = YES;
				CLANG_WARN_COMMA = YES;
				CLANG_WARN_CONSTANT_CONVERSION = YES;
				CLANG_WARN_DEPRECATED_OBJC_IMPLEMENTATIONS = YES;
				CLANG_WARN_DIRECT_OBJC_ISA_USAGE = YES_ERROR;
				CLANG_WARN_DOCUMENTATION_COMMENTS = YES;
				CLANG_WARN_EMPTY_BODY = YES;
				CLANG_WARN_ENUM_CONVERSION = YES;
				CLANG_WARN_INFINITE_RECURSION = YES;
				CLANG_WARN_INT_CONVERSION = YES;
				CLANG_WARN_NON_LITERAL_NULL_CONVERSION = YES;
				CLANG_WARN_OBJC_IMPLICIT_RETAIN_SELF = YES;
				CLANG_WARN_OBJC_LITERAL_CONVERSION = YES;
				CLANG_WARN_OBJC_ROOT_CLASS = YES_ERROR;
				CLANG_WARN_QUOTED_INCLUDE_IN_FRAMEWORK_HEADER = YES;
				CLANG_WARN_RANGE_LOOP_ANALYSIS = YES;
				CLANG_WARN_STRICT_PROTOTYPES = YES;
				CLANG_WARN_SUSPICIOUS_MOVE = YES;
				CLANG_WARN_UNGUARDED_AVAILABILITY = YES_AGGRESSIVE;
				CLANG_WARN_UNREACHABLE_CODE = YES;
				CLANG_WARN__DUPLICATE_METHOD_MATCH = YES;
				COPY_PHASE_STRIP = NO;
				DEBUG_INFORMATION_FORMAT = "dwarf-with-dsym";
				DEVELOPMENT_TEAM = H7A8S5HDP4;
				ENABLE_NS_ASSERTIONS = NO;
				ENABLE_STRICT_OBJC_MSGSEND = YES;
				ENABLE_USER_SCRIPT_SANDBOXING = YES;
				GCC_C_LANGUAGE_STANDARD = gnu17;
				GCC_NO_COMMON_BLOCKS = YES;
				GCC_WARN_64_TO_32_BIT_CONVERSION = YES;
				GCC_WARN_ABOUT_RETURN_TYPE = YES_ERROR;
				GCC_WARN_UNDECLARED_SELECTOR = YES;
				GCC_WARN_UNINITIALIZED_AUTOS = YES_AGGRESSIVE;
				GCC_WARN_UNUSED_FUNCTION = YES;
				GCC_WARN_UNUSED_VARIABLE = YES;
				IPHONEOS_DEPLOYMENT_TARGET = 26.2;
				LOCALIZATION_PREFERS_STRING_CATALOGS = YES;
				MTL_ENABLE_DEBUG_INFO = NO;
				MTL_FAST_MATH = YES;
				SDKROOT = iphoneos;
				SWIFT_COMPILATION_MODE = wholemodule;
				VALIDATE_PRODUCT = YES;
			};
			name = Release;
		};
		AA611E7430094D0800F15876 /* Debug */ = {
			isa = XCBuildConfiguration;
			buildSettings = {
				ASSETCATALOG_COMPILER_APPICON_NAME = AppIcon;
				ASSETCATALOG_COMPILER_GLOBAL_ACCENT_COLOR_NAME = AccentColor;
				CODE_SIGN_STYLE = Automatic;
				CURRENT_PROJECT_VERSION = 1;
				DEVELOPMENT_TEAM = H7A8S5HDP4;
				ENABLE_PREVIEWS = YES;
				GENERATE_INFOPLIST_FILE = YES;
				INFOPLIST_KEY_UIApplicationSceneManifest_Generation = YES;
				INFOPLIST_KEY_UIApplicationSupportsIndirectInputEvents = YES;
				INFOPLIST_KEY_UILaunchScreen_Generation = YES;
				INFOPLIST_KEY_UISupportedInterfaceOrientations_iPad = "UIInterfaceOrientationPortrait UIInterfaceOrientationPortraitUpsideDown UIInterfaceOrientationLandscapeLeft UIInterfaceOrientationLandscapeRight";
				INFOPLIST_KEY_UISupportedInterfaceOrientations_iPhone = "UIInterfaceOrientationPortrait UIInterfaceOrientationLandscapeLeft UIInterfaceOrientationLandscapeRight";
				LD_RUNPATH_SEARCH_PATHS = (
					"$(inherited)",
					"@executable_path/Frameworks",
				);
				MARKETING_VERSION = 1.0;
				PRODUCT_BUNDLE_IDENTIFIER = com.arseniuk.superSecureNotes;
				PRODUCT_NAME = "$(TARGET_NAME)";
				STRING_CATALOG_GENERATE_SYMBOLS = YES;
				SWIFT_APPROACHABLE_CONCURRENCY = YES;
				SWIFT_DEFAULT_ACTOR_ISOLATION = MainActor;
				SWIFT_EMIT_LOC_STRINGS = YES;
				SWIFT_UPCOMING_FEATURE_MEMBER_IMPORT_VISIBILITY = YES;
				SWIFT_VERSION = 5.0;
				TARGETED_DEVICE_FAMILY = "1,2";
			};
			name = Debug;
		};
		AA611E7530094D0800F15876 /* Release */ = {
			isa = XCBuildConfiguration;
			buildSettings = {
				ASSETCATALOG_COMPILER_APPICON_NAME = AppIcon;
				ASSETCATALOG_COMPILER_GLOBAL_ACCENT_COLOR_NAME = AccentColor;
				CODE_SIGN_STYLE = Automatic;
				CURRENT_PROJECT_VERSION = 1;
				DEVELOPMENT_TEAM = H7A8S5HDP4;
				ENABLE_PREVIEWS = YES;
				GENERATE_INFOPLIST_FILE = YES;
				INFOPLIST_KEY_UIApplicationSceneManifest_Generation = YES;
				INFOPLIST_KEY_UIApplicationSupportsIndirectInputEvents = YES;
				INFOPLIST_KEY_UILaunchScreen_Generation = YES;
				INFOPLIST_KEY_UISupportedInterfaceOrientations_iPad = "UIInterfaceOrientationPortrait UIInterfaceOrientationPortraitUpsideDown UIInterfaceOrientationLandscapeLeft UIInterfaceOrientationLandscapeRight";
				INFOPLIST_KEY_UISupportedInterfaceOrientations_iPhone = "UIInterfaceOrientationPortrait UIInterfaceOrientationLandscapeLeft UIInterfaceOrientationLandscapeRight";
				LD_RUNPATH_SEARCH_PATHS = (
					"$(inherited)",
					"@executable_path/Frameworks",
				);
				MARKETING_VERSION = 1.0;
				PRODUCT_BUNDLE_IDENTIFIER = com.arseniuk.superSecureNotes;
				PRODUCT_NAME = "$(TARGET_NAME)";
				STRING_CATALOG_GENERATE_SYMBOLS = YES;
				SWIFT_APPROACHABLE_CONCURRENCY = YES;
				SWIFT_DEFAULT_ACTOR_ISOLATION = MainActor;
				SWIFT_EMIT_LOC_STRINGS = YES;
				SWIFT_UPCOMING_FEATURE_MEMBER_IMPORT_VISIBILITY = YES;
				SWIFT_VERSION = 5.0;
				TARGETED_DEVICE_FAMILY = "1,2";
			};
			name = Release;
		};
		AA611E8C30094D1300F15876 /* Debug */ = {
			isa = XCBuildConfiguration;
			buildSettings = {
				BUNDLE_LOADER = "$(TEST_HOST)";
				CODE_SIGN_STYLE = Automatic;
				CURRENT_PROJECT_VERSION = 1;
				DEVELOPMENT_TEAM = H7A8S5HDP4;
				GENERATE_INFOPLIST_FILE = YES;
				IPHONEOS_DEPLOYMENT_TARGET = 26.2;
				MARKETING_VERSION = 1.0;
				PRODUCT_BUNDLE_IDENTIFIER = com.arseniuk.superSecureNotesTests;
				PRODUCT_NAME = "$(TARGET_NAME)";
				SWIFT_APPROACHABLE_CONCURRENCY = YES;
				SWIFT_EMIT_LOC_STRINGS = NO;
				SWIFT_UPCOMING_FEATURE_MEMBER_IMPORT_VISIBILITY = YES;
				SWIFT_VERSION = 5.0;
				TARGETED_DEVICE_FAMILY = "1,2";
				TEST_HOST = "$(BUILT_PRODUCTS_DIR)/superSecureNotes.app/$(BUNDLE_EXECUTABLE_FOLDER_PATH)/superSecureNotes";
			};
			name = Debug;
		};
		AA611E8D30094D1300F15876 /* Release */ = {
			isa = XCBuildConfiguration;
			buildSettings = {
				BUNDLE_LOADER = "$(TEST_HOST)";
				CODE_SIGN_STYLE = Automatic;
				CURRENT_PROJECT_VERSION = 1;
				DEVELOPMENT_TEAM = H7A8S5HDP4;
				GENERATE_INFOPLIST_FILE = YES;
				IPHONEOS_DEPLOYMENT_TARGET = 26.2;
				MARKETING_VERSION = 1.0;
				PRODUCT_BUNDLE_IDENTIFIER = com.arseniuk.superSecureNotesTests;
				PRODUCT_NAME = "$(TARGET_NAME)";
				SWIFT_APPROACHABLE_CONCURRENCY = YES;
				SWIFT_EMIT_LOC_STRINGS = NO;
				SWIFT_UPCOMING_FEATURE_MEMBER_IMPORT_VISIBILITY = YES;
				SWIFT_VERSION = 5.0;
				TARGETED_DEVICE_FAMILY = "1,2";
				TEST_HOST = "$(BUILT_PRODUCTS_DIR)/superSecureNotes.app/$(BUNDLE_EXECUTABLE_FOLDER_PATH)/superSecureNotes";
			};
			name = Release;
		};
/* End XCBuildConfiguration section */

/* Begin XCConfigurationList section */
		AA611E6330094D0300F15876 /* Build configuration list for PBXProject "superSecureNotes" */ = {
			isa = XCConfigurationList;
			buildConfigurations = (
				AA611E7130094D0800F15876 /* Debug */,
				AA611E7230094D0800F15876 /* Release */,
			);
			defaultConfigurationIsVisible = 0;
			defaultConfigurationName = Release;
		};
		AA611E7330094D0800F15876 /* Build configuration list for PBXNativeTarget "superSecureNotes" */ = {
			isa = XCConfigurationList;
			buildConfigurations = (
				AA611E7430094D0800F15876 /* Debug */,
				AA611E7530094D0800F15876 /* Release */,
			);
			defaultConfigurationIsVisible = 0;
			defaultConfigurationName = Release;
		};
		AA611E8E30094D1300F15876 /* Build configuration list for PBXNativeTarget "superSecureNotesTests" */ = {
			isa = XCConfigurationList;
			buildConfigurations = (
				AA611E8C30094D1300F15876 /* Debug */,
				AA611E8D30094D1300F15876 /* Release */,
			);
			defaultConfigurationIsVisible = 0;
			defaultConfigurationName = Release;
		};
/* End XCConfigurationList section */

/* Begin XCLocalSwiftPackageReference section */
		AA611E7630094D0800F15876 /* XCLocalSwiftPackageReference "Packages/SecureCrypto" */ = {
			isa = XCLocalSwiftPackageReference;
			relativePath = Packages/SecureCrypto;
		};
		AA611E7830094D0900F15876 /* XCLocalSwiftPackageReference "Packages/VaultSession" */ = {
			isa = XCLocalSwiftPackageReference;
			relativePath = Packages/VaultSession;
		};
		AA611E7A30094D0A00F15876 /* XCLocalSwiftPackageReference "Packages/NotesFlow" */ = {
			isa = XCLocalSwiftPackageReference;
			relativePath = Packages/NotesFlow;
		};
		AA611E7C30094D0B00F15876 /* XCLocalSwiftPackageReference "Packages/AuthFlow" */ = {
			isa = XCLocalSwiftPackageReference;
			relativePath = Packages/AuthFlow;
		};
		AA611E7E30094D0C00F15876 /* XCLocalSwiftPackageReference "Packages/VaultRepository" */ = {
			isa = XCLocalSwiftPackageReference;
			relativePath = Packages/VaultRepository;
		};
		AA611E8430094D1000F15876 /* XCLocalSwiftPackageReference "Packages/Navigation" */ = {
			isa = XCLocalSwiftPackageReference;
			relativePath = Packages/Navigation;
		};
		AA61220030150000F15876 /* XCLocalSwiftPackageReference "Packages/ShareNote" */ = {
			isa = XCLocalSwiftPackageReference;
			relativePath = Packages/ShareNote;
		};
		AA61221030160000F15876 /* XCLocalSwiftPackageReference "Packages/NoteRepository" */ = {
			isa = XCLocalSwiftPackageReference;
			relativePath = Packages/NoteRepository;
		};
/* End XCLocalSwiftPackageReference section */

/* Begin XCSwiftPackageProductDependency section */
		AA611E7730094D0800F15876 /* SecureCrypto */ = {
			isa = XCSwiftPackageProductDependency;
			package = AA611E7630094D0800F15876 /* XCLocalSwiftPackageReference "Packages/SecureCrypto" */;
			productName = SecureCrypto;
		};
		AA611E7930094D0900F15876 /* VaultSession */ = {
			isa = XCSwiftPackageProductDependency;
			package = AA611E7830094D0900F15876 /* XCLocalSwiftPackageReference "Packages/VaultSession" */;
			productName = VaultSession;
		};
		AA611E7B30094D0A00F15876 /* NotesFlow */ = {
			isa = XCSwiftPackageProductDependency;
			package = AA611E7A30094D0A00F15876 /* XCLocalSwiftPackageReference "Packages/NotesFlow" */;
			productName = NotesFlow;
		};
		AA611E7D30094D0B00F15876 /* AuthRepository */ = {
			isa = XCSwiftPackageProductDependency;
			package = AA611E7C30094D0B00F15876 /* XCLocalSwiftPackageReference "Packages/AuthFlow" */;
			productName = AuthRepository;
		};
		AA611E7F30094D0C00F15876 /* VaultRepository */ = {
			isa = XCSwiftPackageProductDependency;
			package = AA611E7E30094D0C00F15876 /* XCLocalSwiftPackageReference "Packages/VaultRepository" */;
			productName = VaultRepository;
		};
		AA611E8130094D0D00F15876 /* AuthFlowUI */ = {
			isa = XCSwiftPackageProductDependency;
			package = AA611E7C30094D0B00F15876 /* XCLocalSwiftPackageReference "Packages/AuthFlow" */;
			productName = AuthFlowUI;
		};
		AA611E8230094D0E00F15876 /* Navigation */ = {
			isa = XCSwiftPackageProductDependency;
			package = AA611E8430094D1000F15876 /* XCLocalSwiftPackageReference "Packages/Navigation" */;
			productName = Navigation;
		};
		AA611E8330094D0F00F15876 /* NavigationProtocol */ = {
			isa = XCSwiftPackageProductDependency;
			package = AA611E8430094D1000F15876 /* XCLocalSwiftPackageReference "Packages/Navigation" */;
			productName = NavigationProtocol;
		};
		AA611E8530094D1100F15876 /* AuthFlowRoutes */ = {
			isa = XCSwiftPackageProductDependency;
			package = AA611E7C30094D0B00F15876 /* XCLocalSwiftPackageReference "Packages/AuthFlow" */;
			productName = AuthFlowRoutes;
		};
		AA611E8630094D1200F15876 /* NotesFlowRoutes */ = {
			isa = XCSwiftPackageProductDependency;
			package = AA611E7A30094D0A00F15876 /* XCLocalSwiftPackageReference "Packages/NotesFlow" */;
			productName = NotesFlowRoutes;
		};
		AA611EC03014AAAA00F15876 /* AuthRepositoryProtocol */ = {
			isa = XCSwiftPackageProductDependency;
			package = AA611E7C30094D0B00F15876 /* XCLocalSwiftPackageReference "Packages/AuthFlow" */;
			productName = AuthRepositoryProtocol;
		};
		AA611EC13014AAAA00F15876 /* VaultRepositoryProtocol */ = {
			isa = XCSwiftPackageProductDependency;
			package = AA611E7E30094D0C00F15876 /* XCLocalSwiftPackageReference "Packages/VaultRepository" */;
			productName = VaultRepositoryProtocol;
		};
		AA611EC23014AAAA00F15876 /* VaultSessionProtocol */ = {
			isa = XCSwiftPackageProductDependency;
			package = AA611E7830094D0900F15876 /* XCLocalSwiftPackageReference "Packages/VaultSession" */;
			productName = VaultSessionProtocol;
		};
		AA61220130150000F15876 /* ShareNote */ = {
			isa = XCSwiftPackageProductDependency;
			package = AA61220030150000F15876 /* XCLocalSwiftPackageReference "Packages/ShareNote" */;
			productName = ShareNote;
		};
		AA61220230150000F15876 /* ShareNoteRoutes */ = {
			isa = XCSwiftPackageProductDependency;
			package = AA61220030150000F15876 /* XCLocalSwiftPackageReference "Packages/ShareNote" */;
			productName = ShareNoteRoutes;
		};
		AA61221130160000F15876 /* NoteRepository */ = {
			isa = XCSwiftPackageProductDependency;
			package = AA61221030160000F15876 /* XCLocalSwiftPackageReference "Packages/NoteRepository" */;
			productName = NoteRepository;
		};
		AA61221230160000F15876 /* NoteRepositoryProtocol */ = {
			isa = XCSwiftPackageProductDependency;
			package = AA61221030160000F15876 /* XCLocalSwiftPackageReference "Packages/NoteRepository" */;
			productName = NoteRepositoryProtocol;
		};
		AA61221730170001F15876 /* CredentialStore */ = {
			isa = XCSwiftPackageProductDependency;
			package = AA611E7C30094D0B00F15876 /* XCLocalSwiftPackageReference "Packages/AuthFlow" */;
			productName = CredentialStore;
		};
		AA61221A30170004F15876 /* CredentialStoreProtocol */ = {
			isa = XCSwiftPackageProductDependency;
			package = AA611E7C30094D0B00F15876 /* XCLocalSwiftPackageReference "Packages/AuthFlow" */;
			productName = CredentialStoreProtocol;
		};
/* End XCSwiftPackageProductDependency section */
	};
	rootObject = AA611E6030094D0300F15876 /* Project object */;
}
